<?xml version="1.0" encoding="utf-8"?>
<Project ToolsVersion="4.0" xmlns="http://schemas.microsoft.com/developer/msbuild/2003">
  <ItemGroup>
    <Filter Include="Source Files">
      <UniqueIdentifier>{4FC737F1-C7A5-4376-A066-2A32D752A2FF}</UniqueIdentifier>
      <Extensions>cpp;c;cc;cxx;def;odl;idl;hpj;bat;asm;asmx</Extensions>
    </Filter>
    <Filter Include="Header Files">
      <UniqueIdentifier>{93995380-89BD-4b04-88EB-625FBE52EBFB}</UniqueIdentifier>
      <Extensions>h;hh;hpp;hxx;hm;inl;inc;xsd</Extensions>
    </Filter>
    <Filter Include="Resource Files">
      <UniqueIdentifier>{67DA6AB6-F800-4c08-8B7A-83BB121AAD01}</UniqueIdentifier>
      <Extensions>rc;ico;cur;bmp;dlg;rc2;rct;bin;rgs;gif;jpg;jpeg;jpe;resx;tiff;tif;png;wav;mfcribbon-ms</Extensions>
    </Filter>
    <Filter Include="Header Files\utility">
      <UniqueIdentifier>{002a5253-8b23-4cb7-ac59-d80652eed5b5}</UniqueIdentifier>
    </Filter>
    <Filter Include="Source Files\utility">
      <UniqueIdentifier>{3fddd101-6fa3-49ba-a66b-f6f1e1092c81}</UniqueIdentifier>
    </Filter>
    <Filter Include="Header Files\operators">
      <UniqueIdentifier>{ed552a90-dbd2-4f84-9e9c-fbd87a552f87}</UniqueIdentifier>
    </Filter>
    <Filter Include="Source Files\operators">
      <UniqueIdentifier>{0889b909-c374-4aac-8fb9-52c607ce3f68}</UniqueIdentifier>
    </Filter>
  </ItemGroup>
  <ItemGroup>
    <ClCompile Include="..\gealib\_example.cpp">
      <Filter>Source Files</Filter>
    </ClCompile>
    <ClCompile Include="..\gealib\ga.cpp">
      <Filter>Source Files</Filter>
    </ClCompile>
    <ClCompile Include="..\gealib\parameter.cpp">
      <Filter>Source Files</Filter>
    </ClCompile>
    <ClCompile Include="..\gealib\chromosome.cpp">
      <Filter>Source Files</Filter>
    </ClCompile>
    <ClCompile Include="..\gealib\crossover_onepoint.cpp">
      <Filter>Source Files\operators</Filter>
    </ClCompile>
    <ClCompile Include="..\gealib\crossover_uniform.cpp">
      <Filter>Source Files\operators</Filter>
    </ClCompile>
    <ClCompile Include="..\gealib\mutation_singlebit.cpp">
      <Filter>Source Files\operators</Filter>
    </ClCompile>
    <ClCompile Include="..\gealib\selection_rws.cpp">
      <Filter>Source Files\operators</Filter>
    </ClCompile>
    <ClCompile Include="..\gealib\random_generator.cpp">
      <Filter>Source Files\utility</Filter>
    </ClCompile>
    <ClCompile Include="..\gealib\util.cpp">
      <Filter>Source Files\utility</Filter>
    </ClCompile>
  </ItemGroup>
  <ItemGroup>
    <ClInclude Include="..\gealib\ga.h">
      <Filter>Header Files</Filter>
    </ClInclude>
    <ClInclude Include="..\gealib\chromosome.h">
      <Filter>Header Files</Filter>
    </ClInclude>
    <ClInclude Include="..\gealib\typedefs.h">
      <Filter>Header Files</Filter>
    </ClInclude>
    <ClInclude Include="..\gealib\gealib.h">
      <Filter>Header Files</Filter>
    </ClInclude>
    <ClInclude Include="..\gealib\parameter.h">
      <Filter>Header Files</Filter>
    </ClInclude>
    <ClInclude Include="..\gealib\crossover.h">
      <Filter>Header Files\operators</Filter>
    </ClInclude>
    <ClInclude Include="..\gealib\crossover_onepoint.h">
      <Filter>Header Files\operators</Filter>
    </ClInclude>
    <ClInclude Include="..\gealib\crossover_uniform.h">
      <Filter>Header Files\operators</Filter>
    </ClInclude>
    <ClInclude Include="..\gealib\mutation.h">
      <Filter>Header Files\operators</Filter>
    </ClInclude>
    <ClInclude Include="..\gealib\mutation_singlebit.h">
      <Filter>Header Files\operators</Filter>
    </ClInclude>
    <ClInclude Include="..\gealib\selection.h">
      <Filter>Header Files\operators</Filter>
    </ClInclude>
    <ClInclude Include="..\gealib\selection_rws.h">
      <Filter>Header Files\operators</Filter>
    </ClInclude>
    <ClInclude Include="..\gealib\random_generator.h">
      <Filter>Header Files\utility</Filter>
    </ClInclude>
    <ClInclude Include="..\gealib\util.h">
      <Filter>Header Files\utility</Filter>
    </ClInclude>
  </ItemGroup>
  <ItemGroup>
    <Text Include="..\CMakeLists.txt" />
  </ItemGroup>
</Project>